
Microsoft Visual Studio Solution File, Format Version 12.00
# Visual Studio Version 17
VisualStudioVersion = 17.10.35013.160
MinimumVisualStudioVersion = 10.0.40219.1
Project("{FAE04EC0-301F-11D3-BF4B-00C04F79EFBC}") = "dz_class", "dz_class.csproj", "{7CF65D95-032D-4BF1-80EC-45E66B376E67}"
EndProject
Global
	GlobalSection(SolutionConfigurationPlatforms) = preSolution
		Debug|Any CPU = Debug|Any CPU
		Release|Any CPU = Release|Any CPU
	EndGlobalSection
	GlobalSection(ProjectConfigurationPlatforms) = postSolution
		{7CF65D95-032D-4BF1-80EC-45E66B376E67}.Debug|Any CPU.ActiveCfg = Debug|Any CPU
		{7CF65D95-032D-4BF1-80EC-45E66B376E67}.Debug|Any CPU.Build.0 = Debug|Any CPU
		{7CF65D95-032D-4BF1-80EC-45E66B376E67}.Release|Any CPU.ActiveCfg = Release|Any CPU
		{7CF65D95-032D-4BF1-80EC-45E66B376E67}.Release|Any CPU.Build.0 = Release|Any CPU
	EndGlobalSection
	GlobalSection(SolutionProperties) = preSolution
		HideSolutionNode = FALSE
	EndGlobalSection
	GlobalSection(ExtensibilityGlobals) = postSolution
		SolutionGuid = {F1F06A68-18B8-4071-9AC2-F0168BCA9622}
	EndGlobalSection
EndGlobal
